// !$*UTF8*$!
{
	archiveVersion = 1;
	classes = {
	};
	objectVersion = 46;
	objects = {

/* Begin PBXBuildFile section */
		A62A080F1892A2A90031AE7F /* CoreData.framework in Frameworks */ = {isa = PBXBuildFile; fileRef = A62A080E1892A2A90031AE7F /* CoreData.framework */; };
		A65DE88B189E369E009F7AFE /* SystemConfiguration.framework in Frameworks */ = {isa = PBXBuildFile; fileRef = A65DE88A189E369E009F7AFE /* SystemConfiguration.framework */; };
		A65DE88F189E41FA009F7AFE /* AdSupport.framework in Frameworks */ = {isa = PBXBuildFile; fileRef = A65DE88E189E41FA009F7AFE /* AdSupport.framework */; };
		A669355E179D31E200E5A40F /* UIKit.framework in Frameworks */ = {isa = PBXBuildFile; fileRef = A669355D179D31E200E5A40F /* UIKit.framework */; };
		A6693560179D31E200E5A40F /* Foundation.framework in Frameworks */ = {isa = PBXBuildFile; fileRef = A669355F179D31E200E5A40F /* Foundation.framework */; };
		A6693562179D31E200E5A40F /* CoreGraphics.framework in Frameworks */ = {isa = PBXBuildFile; fileRef = A6693561179D31E200E5A40F /* CoreGraphics.framework */; };
		A6A3E8A8188F931700A3E4FB /* QuartzCore.framework in Frameworks */ = {isa = PBXBuildFile; fileRef = A6A3E8A7188F931700A3E4FB /* QuartzCore.framework */; };
		AF2FE2148929C9C7AF912EB4 /* Pods_Days_Pro.framework in Frameworks */ = {isa = PBXBuildFile; fileRef = 7716506E8CB7504A3A5C63F6 /* Pods_Days_Pro.framework */; };
		D6723E0F1DBE409900D925A4 /* AppModel.xcdatamodeld in Sources */ = {isa = PBXBuildFile; fileRef = D6723DE51DBE409900D925A4 /* AppModel.xcdatamodeld */; };
		D6723E121DBE409900D925A4 /* InfoPlist.strings in Resources */ = {isa = PBXBuildFile; fileRef = D6723DEA1DBE409900D925A4 /* InfoPlist.strings */; };
		D6723E131DBE409900D925A4 /* Main-iPad.storyboard in Resources */ = {isa = PBXBuildFile; fileRef = D6723DEC1DBE409900D925A4 /* Main-iPad.storyboard */; };
		D6723E141DBE409900D925A4 /* Main-iPhone.storyboard in Resources */ = {isa = PBXBuildFile; fileRef = D6723DEE1DBE409900D925A4 /* Main-iPhone.storyboard */; };
		D6723E151DBE409900D925A4 /* Launch Screen.storyboard in Resources */ = {isa = PBXBuildFile; fileRef = D6723DF01DBE409900D925A4 /* Launch Screen.storyboard */; };
		D6723E161DBE409900D925A4 /* main.m in Sources */ = {isa = PBXBuildFile; fileRef = D6723DF11DBE409900D925A4 /* main.m */; };
		D6723E171DBE409900D925A4 /* Media.xcassets in Resources */ = {isa = PBXBuildFile; fileRef = D6723DF21DBE409900D925A4 /* Media.xcassets */; };
		D6723E181DBE409900D925A4 /* notification-sound.caf in Resources */ = {isa = PBXBuildFile; fileRef = D6723DF31DBE409900D925A4 /* notification-sound.caf */; };
		D6723E1A1DBE409900D925A4 /* AppDelegate.m in Sources */ = {isa = PBXBuildFile; fileRef = D6723DF71DBE409900D925A4 /* AppDelegate.m */; };
		D6723E1B1DBE409900D925A4 /* CustomCollectionViewFlowLayout.m in Sources */ = {isa = PBXBuildFile; fileRef = D6723DF91DBE409900D925A4 /* CustomCollectionViewFlowLayout.m */; };
		D6723E1C1DBE409900D925A4 /* DataManager.m in Sources */ = {isa = PBXBuildFile; fileRef = D6723DFB1DBE409900D925A4 /* DataManager.m */; };
		D6723E1D1DBE409900D925A4 /* Event+Helper.m in Sources */ = {isa = PBXBuildFile; fileRef = D6723DFD1DBE409900D925A4 /* Event+Helper.m */; };
		D6723E1E1DBE409900D925A4 /* Event.m in Sources */ = {isa = PBXBuildFile; fileRef = D6723DFF1DBE409900D925A4 /* Event.m */; };
		D6723E1F1DBE409900D925A4 /* EventCell.m in Sources */ = {isa = PBXBuildFile; fileRef = D6723E011DBE409900D925A4 /* EventCell.m */; };
		D6723E201DBE409900D925A4 /* EventCellProgressView.m in Sources */ = {isa = PBXBuildFile; fileRef = D6723E031DBE409900D925A4 /* EventCellProgressView.m */; };
		D6723E221DBE409900D925A4 /* EventDetailsViewController.m in Sources */ = {isa = PBXBuildFile; fileRef = D6723E061DBE409900D925A4 /* EventDetailsViewController.m */; };
		D6723E231DBE409900D925A4 /* EventsCollectionViewController.m in Sources */ = {isa = PBXBuildFile; fileRef = D6723E081DBE409900D925A4 /* EventsCollectionViewController.m */; };
		D6723E241DBE409900D925A4 /* ProgressIndicator.m in Sources */ = {isa = PBXBuildFile; fileRef = D6723E0A1DBE409900D925A4 /* ProgressIndicator.m */; };
		D6723E251DBE409900D925A4 /* PushManager.m in Sources */ = {isa = PBXBuildFile; fileRef = D6723E0C1DBE409900D925A4 /* PushManager.m */; };
		D6723E2D1DBE434D00D925A4 /* ThemeManager.m in Sources */ = {isa = PBXBuildFile; fileRef = D6723E2C1DBE434D00D925A4 /* ThemeManager.m */; };
		D68315A31E8AA2D2003881B5 /* ThemeViewController.swift in Sources */ = {isa = PBXBuildFile; fileRef = D68315A21E8AA2D2003881B5 /* ThemeViewController.swift */; };
		D6AEB64E1E2B51C100F5D553 /* EditViewController.m in Sources */ = {isa = PBXBuildFile; fileRef = D6AEB64D1E2B51C100F5D553 /* EditViewController.m */; };
		D6B5B7B41DBE95D300729A15 /* Settings.bundle in Resources */ = {isa = PBXBuildFile; fileRef = D6B5B7B31DBE95D300729A15 /* Settings.bundle */; };
		D6C4AAE51E8BECA400B1BF63 /* LightAppIcon.png in Resources */ = {isa = PBXBuildFile; fileRef = D6C4AAE41E8BECA400B1BF63 /* LightAppIcon.png */; };
		D6E4B9EF1DD0D7A500442536 /* Localizable.strings in Resources */ = {isa = PBXBuildFile; fileRef = D6E4B9ED1DD0D7A500442536 /* Localizable.strings */; };
		D6E8B8C71E0036D900ADF6FF /* ESTBlurredStatusBar.m in Sources */ = {isa = PBXBuildFile; fileRef = D6E8B8C61E0036D900ADF6FF /* ESTBlurredStatusBar.m */; };
/* End PBXBuildFile section */

/* Begin PBXFileReference section */
		2409E8D516E4620574EA2CAE /* Pods-Days Pro.debug.xcconfig */ = {isa = PBXFileReference; includeInIndex = 1; lastKnownFileType = text.xcconfig; name = "Pods-Days Pro.debug.xcconfig"; path = "Pods/Target Support Files/Pods-Days Pro/Pods-Days Pro.debug.xcconfig"; sourceTree = "<group>"; };
		7716506E8CB7504A3A5C63F6 /* Pods_Days_Pro.framework */ = {isa = PBXFileReference; explicitFileType = wrapper.framework; includeInIndex = 0; path = Pods_Days_Pro.framework; sourceTree = BUILT_PRODUCTS_DIR; };
		A62A080E1892A2A90031AE7F /* CoreData.framework */ = {isa = PBXFileReference; lastKnownFileType = wrapper.framework; name = CoreData.framework; path = System/Library/Frameworks/CoreData.framework; sourceTree = SDKROOT; };
		A65DE88A189E369E009F7AFE /* SystemConfiguration.framework */ = {isa = PBXFileReference; lastKnownFileType = wrapper.framework; name = SystemConfiguration.framework; path = System/Library/Frameworks/SystemConfiguration.framework; sourceTree = SDKROOT; };
		A65DE88E189E41FA009F7AFE /* AdSupport.framework */ = {isa = PBXFileReference; lastKnownFileType = wrapper.framework; name = AdSupport.framework; path = System/Library/Frameworks/AdSupport.framework; sourceTree = SDKROOT; };
		A669355A179D31E200E5A40F /* Days Pro.app */ = {isa = PBXFileReference; explicitFileType = wrapper.application; includeInIndex = 0; path = "Days Pro.app"; sourceTree = BUILT_PRODUCTS_DIR; };
		A669355D179D31E200E5A40F /* UIKit.framework */ = {isa = PBXFileReference; lastKnownFileType = wrapper.framework; name = UIKit.framework; path = System/Library/Frameworks/UIKit.framework; sourceTree = SDKROOT; };
		A669355F179D31E200E5A40F /* Foundation.framework */ = {isa = PBXFileReference; lastKnownFileType = wrapper.framework; name = Foundation.framework; path = System/Library/Frameworks/Foundation.framework; sourceTree = SDKROOT; };
		A6693561179D31E200E5A40F /* CoreGraphics.framework */ = {isa = PBXFileReference; lastKnownFileType = wrapper.framework; name = CoreGraphics.framework; path = System/Library/Frameworks/CoreGraphics.framework; sourceTree = SDKROOT; };
		A6A3E8A7188F931700A3E4FB /* QuartzCore.framework */ = {isa = PBXFileReference; lastKnownFileType = wrapper.framework; name = QuartzCore.framework; path = System/Library/Frameworks/QuartzCore.framework; sourceTree = SDKROOT; };
		D64386A71E8AB4780013FC37 /* en */ = {isa = PBXFileReference; lastKnownFileType = text.plist.strings; name = en; path = "en.lproj/Main-iPhone.strings"; sourceTree = "<group>"; };
		D64386A91E8AB47B0013FC37 /* fi */ = {isa = PBXFileReference; lastKnownFileType = text.plist.strings; name = fi; path = "fi.lproj/Main-iPhone.strings"; sourceTree = "<group>"; };
		D65B1A261DE9887200542EAE /* Base */ = {isa = PBXFileReference; lastKnownFileType = file.storyboard; name = Base; path = "Base.lproj/Main-iPad.storyboard"; sourceTree = "<group>"; };
		D65B1A271DE9887200542EAE /* Base */ = {isa = PBXFileReference; lastKnownFileType = file.storyboard; name = Base; path = "Base.lproj/Main-iPhone.storyboard"; sourceTree = "<group>"; };
		D65B1A2B1DE9888800542EAE /* fi */ = {isa = PBXFileReference; lastKnownFileType = text.plist.strings; name = fi; path = "fi.lproj/Main-iPad.strings"; sourceTree = "<group>"; };
		D65B1A2D1DE9888A00542EAE /* en */ = {isa = PBXFileReference; lastKnownFileType = text.plist.strings; name = en; path = "en.lproj/Main-iPad.strings"; sourceTree = "<group>"; };
		D6723DE61DBE409900D925A4 /* AppModel.xcdatamodel */ = {isa = PBXFileReference; lastKnownFileType = wrapper.xcdatamodel; path = AppModel.xcdatamodel; sourceTree = "<group>"; };
		D6723DE81DBE409900D925A4 /* Days Pro-Prefix.pch */ = {isa = PBXFileReference; fileEncoding = 4; lastKnownFileType = sourcecode.c.h; path = "Days Pro-Prefix.pch"; sourceTree = "<group>"; };
		D6723DE91DBE409900D925A4 /* daysPRO-Info.plist */ = {isa = PBXFileReference; fileEncoding = 4; lastKnownFileType = text.plist.xml; path = "daysPRO-Info.plist"; sourceTree = "<group>"; };
		D6723DEB1DBE409900D925A4 /* en */ = {isa = PBXFileReference; lastKnownFileType = text.plist.strings; name = en; path = en.lproj/InfoPlist.strings; sourceTree = "<group>"; };
		D6723DF01DBE409900D925A4 /* Launch Screen.storyboard */ = {isa = PBXFileReference; fileEncoding = 4; lastKnownFileType = file.storyboard; path = "Launch Screen.storyboard"; sourceTree = "<group>"; };
		D6723DF11DBE409900D925A4 /* main.m */ = {isa = PBXFileReference; fileEncoding = 4; lastKnownFileType = sourcecode.c.objc; path = main.m; sourceTree = "<group>"; };
		D6723DF21DBE409900D925A4 /* Media.xcassets */ = {isa = PBXFileReference; lastKnownFileType = folder.assetcatalog; path = Media.xcassets; sourceTree = "<group>"; };
		D6723DF31DBE409900D925A4 /* notification-sound.caf */ = {isa = PBXFileReference; lastKnownFileType = file; path = "notification-sound.caf"; sourceTree = "<group>"; };
		D6723DF61DBE409900D925A4 /* AppDelegate.h */ = {isa = PBXFileReference; fileEncoding = 4; lastKnownFileType = sourcecode.c.h; path = AppDelegate.h; sourceTree = "<group>"; };
		D6723DF71DBE409900D925A4 /* AppDelegate.m */ = {isa = PBXFileReference; fileEncoding = 4; lastKnownFileType = sourcecode.c.objc; path = AppDelegate.m; sourceTree = "<group>"; };
		D6723DF81DBE409900D925A4 /* CustomCollectionViewFlowLayout.h */ = {isa = PBXFileReference; fileEncoding = 4; lastKnownFileType = sourcecode.c.h; path = CustomCollectionViewFlowLayout.h; sourceTree = "<group>"; };
		D6723DF91DBE409900D925A4 /* CustomCollectionViewFlowLayout.m */ = {isa = PBXFileReference; fileEncoding = 4; lastKnownFileType = sourcecode.c.objc; path = CustomCollectionViewFlowLayout.m; sourceTree = "<group>"; };
		D6723DFA1DBE409900D925A4 /* DataManager.h */ = {isa = PBXFileReference; fileEncoding = 4; lastKnownFileType = sourcecode.c.h; path = DataManager.h; sourceTree = "<group>"; };
		D6723DFB1DBE409900D925A4 /* DataManager.m */ = {isa = PBXFileReference; fileEncoding = 4; lastKnownFileType = sourcecode.c.objc; path = DataManager.m; sourceTree = "<group>"; wrapsLines = 0; };
		D6723DFC1DBE409900D925A4 /* Event+Helper.h */ = {isa = PBXFileReference; fileEncoding = 4; lastKnownFileType = sourcecode.c.h; path = "Event+Helper.h"; sourceTree = "<group>"; };
		D6723DFD1DBE409900D925A4 /* Event+Helper.m */ = {isa = PBXFileReference; fileEncoding = 4; lastKnownFileType = sourcecode.c.objc; path = "Event+Helper.m"; sourceTree = "<group>"; };
		D6723DFE1DBE409900D925A4 /* Event.h */ = {isa = PBXFileReference; fileEncoding = 4; lastKnownFileType = sourcecode.c.h; path = Event.h; sourceTree = "<group>"; };
		D6723DFF1DBE409900D925A4 /* Event.m */ = {isa = PBXFileReference; fileEncoding = 4; lastKnownFileType = sourcecode.c.objc; path = Event.m; sourceTree = "<group>"; };
		D6723E001DBE409900D925A4 /* EventCell.h */ = {isa = PBXFileReference; fileEncoding = 4; lastKnownFileType = sourcecode.c.h; path = EventCell.h; sourceTree = "<group>"; };
		D6723E011DBE409900D925A4 /* EventCell.m */ = {isa = PBXFileReference; fileEncoding = 4; lastKnownFileType = sourcecode.c.objc; path = EventCell.m; sourceTree = "<group>"; };
		D6723E021DBE409900D925A4 /* EventCellProgressView.h */ = {isa = PBXFileReference; fileEncoding = 4; lastKnownFileType = sourcecode.c.h; path = EventCellProgressView.h; sourceTree = "<group>"; };
		D6723E031DBE409900D925A4 /* EventCellProgressView.m */ = {isa = PBXFileReference; fileEncoding = 4; lastKnownFileType = sourcecode.c.objc; path = EventCellProgressView.m; sourceTree = "<group>"; };
		D6723E051DBE409900D925A4 /* EventDetailsViewController.h */ = {isa = PBXFileReference; fileEncoding = 4; lastKnownFileType = sourcecode.c.h; path = EventDetailsViewController.h; sourceTree = "<group>"; };
		D6723E061DBE409900D925A4 /* EventDetailsViewController.m */ = {isa = PBXFileReference; fileEncoding = 4; lastKnownFileType = sourcecode.c.objc; path = EventDetailsViewController.m; sourceTree = "<group>"; };
		D6723E071DBE409900D925A4 /* EventsCollectionViewController.h */ = {isa = PBXFileReference; fileEncoding = 4; lastKnownFileType = sourcecode.c.h; path = EventsCollectionViewController.h; sourceTree = "<group>"; };
		D6723E081DBE409900D925A4 /* EventsCollectionViewController.m */ = {isa = PBXFileReference; fileEncoding = 4; lastKnownFileType = sourcecode.c.objc; path = EventsCollectionViewController.m; sourceTree = "<group>"; };
		D6723E091DBE409900D925A4 /* ProgressIndicator.h */ = {isa = PBXFileReference; fileEncoding = 4; lastKnownFileType = sourcecode.c.h; path = ProgressIndicator.h; sourceTree = "<group>"; };
		D6723E0A1DBE409900D925A4 /* ProgressIndicator.m */ = {isa = PBXFileReference; fileEncoding = 4; lastKnownFileType = sourcecode.c.objc; path = ProgressIndicator.m; sourceTree = "<group>"; };
		D6723E0B1DBE409900D925A4 /* PushManager.h */ = {isa = PBXFileReference; fileEncoding = 4; lastKnownFileType = sourcecode.c.h; path = PushManager.h; sourceTree = "<group>"; };
		D6723E0C1DBE409900D925A4 /* PushManager.m */ = {isa = PBXFileReference; fileEncoding = 4; lastKnownFileType = sourcecode.c.objc; path = PushManager.m; sourceTree = "<group>"; };
		D6723E0D1DBE409900D925A4 /* daysPRO.entitlements */ = {isa = PBXFileReference; fileEncoding = 4; lastKnownFileType = text.plist.entitlements; path = daysPRO.entitlements; sourceTree = "<group>"; };
		D6723E2B1DBE434D00D925A4 /* ThemeManager.h */ = {isa = PBXFileReference; fileEncoding = 4; lastKnownFileType = sourcecode.c.h; path = ThemeManager.h; sourceTree = "<group>"; };
		D6723E2C1DBE434D00D925A4 /* ThemeManager.m */ = {isa = PBXFileReference; fileEncoding = 4; lastKnownFileType = sourcecode.c.objc; path = ThemeManager.m; sourceTree = "<group>"; };
		D68315A11E8AA2D1003881B5 /* Days Pro-Bridging-Header.h */ = {isa = PBXFileReference; lastKnownFileType = sourcecode.c.h; path = "Days Pro-Bridging-Header.h"; sourceTree = "<group>"; };
		D68315A21E8AA2D2003881B5 /* ThemeViewController.swift */ = {isa = PBXFileReference; fileEncoding = 4; lastKnownFileType = sourcecode.swift; path = ThemeViewController.swift; sourceTree = "<group>"; };
		D6AEB64C1E2B51C100F5D553 /* EditViewController.h */ = {isa = PBXFileReference; fileEncoding = 4; lastKnownFileType = sourcecode.c.h; path = EditViewController.h; sourceTree = "<group>"; };
		D6AEB64D1E2B51C100F5D553 /* EditViewController.m */ = {isa = PBXFileReference; fileEncoding = 4; lastKnownFileType = sourcecode.c.objc; path = EditViewController.m; sourceTree = "<group>"; };
		D6B5B7B31DBE95D300729A15 /* Settings.bundle */ = {isa = PBXFileReference; lastKnownFileType = "wrapper.plug-in"; path = Settings.bundle; sourceTree = "<group>"; };
		D6C4AAE41E8BECA400B1BF63 /* LightAppIcon.png */ = {isa = PBXFileReference; lastKnownFileType = image.png; path = LightAppIcon.png; sourceTree = "<group>"; };
		D6E4B9EE1DD0D7A500442536 /* en */ = {isa = PBXFileReference; lastKnownFileType = text.plist.strings; name = en; path = en.lproj/Localizable.strings; sourceTree = "<group>"; };
		D6E4B9F01DD0D7B500442536 /* fi */ = {isa = PBXFileReference; lastKnownFileType = text.plist.strings; name = fi; path = fi.lproj/InfoPlist.strings; sourceTree = "<group>"; };
		D6E4B9F11DD0D7B600442536 /* fi */ = {isa = PBXFileReference; lastKnownFileType = text.plist.strings; name = fi; path = fi.lproj/Localizable.strings; sourceTree = "<group>"; };
		D6E8B8C51E0036D900ADF6FF /* ESTBlurredStatusBar.h */ = {isa = PBXFileReference; fileEncoding = 4; lastKnownFileType = sourcecode.c.h; path = ESTBlurredStatusBar.h; sourceTree = "<group>"; };
		D6E8B8C61E0036D900ADF6FF /* ESTBlurredStatusBar.m */ = {isa = PBXFileReference; fileEncoding = 4; lastKnownFileType = sourcecode.c.objc; path = ESTBlurredStatusBar.m; sourceTree = "<group>"; };
		EF75AF4028A82E762B7FDEE4 /* Pods-Days Pro.release.xcconfig */ = {isa = PBXFileReference; includeInIndex = 1; lastKnownFileType = text.xcconfig; name = "Pods-Days Pro.release.xcconfig"; path = "Pods/Target Support Files/Pods-Days Pro/Pods-Days Pro.release.xcconfig"; sourceTree = "<group>"; };
/* End PBXFileReference section */

/* Begin PBXFrameworksBuildPhase section */
		A6693557179D31E200E5A40F /* Frameworks */ = {
			isa = PBXFrameworksBuildPhase;
			buildActionMask = 2147483647;
			files = (
				A65DE88F189E41FA009F7AFE /* AdSupport.framework in Frameworks */,
				A65DE88B189E369E009F7AFE /* SystemConfiguration.framework in Frameworks */,
				A62A080F1892A2A90031AE7F /* CoreData.framework in Frameworks */,
				A6A3E8A8188F931700A3E4FB /* QuartzCore.framework in Frameworks */,
				A669355E179D31E200E5A40F /* UIKit.framework in Frameworks */,
				A6693560179D31E200E5A40F /* Foundation.framework in Frameworks */,
				A6693562179D31E200E5A40F /* CoreGraphics.framework in Frameworks */,
				AF2FE2148929C9C7AF912EB4 /* Pods_Days_Pro.framework in Frameworks */,
			);
			runOnlyForDeploymentPostprocessing = 0;
		};
/* End PBXFrameworksBuildPhase section */

/* Begin PBXGroup section */
		A6693551179D31E200E5A40F = {
			isa = PBXGroup;
			children = (
				D6723DE31DBE409900D925A4 /* daysPRO */,
				A669355C179D31E200E5A40F /* Frameworks */,
				A669355B179D31E200E5A40F /* Products */,
				FC9739E34A2A16698AA896E7 /* Pods */,
			);
			sourceTree = "<group>";
		};
		A669355B179D31E200E5A40F /* Products */ = {
			isa = PBXGroup;
			children = (
				A669355A179D31E200E5A40F /* Days Pro.app */,
			);
			name = Products;
			sourceTree = "<group>";
		};
		A669355C179D31E200E5A40F /* Frameworks */ = {
			isa = PBXGroup;
			children = (
				A65DE88E189E41FA009F7AFE /* AdSupport.framework */,
				A65DE88A189E369E009F7AFE /* SystemConfiguration.framework */,
				A62A080E1892A2A90031AE7F /* CoreData.framework */,
				A6A3E8A7188F931700A3E4FB /* QuartzCore.framework */,
				A669355D179D31E200E5A40F /* UIKit.framework */,
				A669355F179D31E200E5A40F /* Foundation.framework */,
				A6693561179D31E200E5A40F /* CoreGraphics.framework */,
				7716506E8CB7504A3A5C63F6 /* Pods_Days_Pro.framework */,
			);
			name = Frameworks;
			sourceTree = "<group>";
		};
		D6723DE31DBE409900D925A4 /* daysPRO */ = {
			isa = PBXGroup;
			children = (
				D6723E271DBE40D000D925A4 /* Supporting Files */,
				D6723DF61DBE409900D925A4 /* AppDelegate.h */,
				D6723DF71DBE409900D925A4 /* AppDelegate.m */,
				D6E4B9ED1DD0D7A500442536 /* Localizable.strings */,
				D6723E261DBE40C300D925A4 /* Storyboards */,
				D6723E281DBE40F000D925A4 /* View Controllers */,
				D6723E291DBE410200D925A4 /* Views */,
				D6723E2A1DBE410D00D925A4 /* Event */,
			);
			path = daysPRO;
			sourceTree = "<group>";
		};
		D6723E261DBE40C300D925A4 /* Storyboards */ = {
			isa = PBXGroup;
			children = (
				D6723DEE1DBE409900D925A4 /* Main-iPhone.storyboard */,
				D6723DEC1DBE409900D925A4 /* Main-iPad.storyboard */,
				D6723DF01DBE409900D925A4 /* Launch Screen.storyboard */,
			);
			name = Storyboards;
			sourceTree = "<group>";
		};
		D6723E271DBE40D000D925A4 /* Supporting Files */ = {
			isa = PBXGroup;
			children = (
				D6C4AAE41E8BECA400B1BF63 /* LightAppIcon.png */,
				D68315A11E8AA2D1003881B5 /* Days Pro-Bridging-Header.h */,
				D6723DF31DBE409900D925A4 /* notification-sound.caf */,
				D6723DF21DBE409900D925A4 /* Media.xcassets */,
				D6723DE81DBE409900D925A4 /* Days Pro-Prefix.pch */,
				D6B5B7B31DBE95D300729A15 /* Settings.bundle */,
				D6723DE91DBE409900D925A4 /* daysPRO-Info.plist */,
				D6723DEA1DBE409900D925A4 /* InfoPlist.strings */,
				D6723DF11DBE409900D925A4 /* main.m */,
				D6723E0D1DBE409900D925A4 /* daysPRO.entitlements */,
			);
			name = "Supporting Files";
			sourceTree = "<group>";
		};
		D6723E281DBE40F000D925A4 /* View Controllers */ = {
			isa = PBXGroup;
			children = (
				D6AEB64C1E2B51C100F5D553 /* EditViewController.h */,
				D6AEB64D1E2B51C100F5D553 /* EditViewController.m */,
				D6723E051DBE409900D925A4 /* EventDetailsViewController.h */,
				D6723E061DBE409900D925A4 /* EventDetailsViewController.m */,
				D6723E071DBE409900D925A4 /* EventsCollectionViewController.h */,
				D6723E081DBE409900D925A4 /* EventsCollectionViewController.m */,
				D68315A21E8AA2D2003881B5 /* ThemeViewController.swift */,
			);
			name = "View Controllers";
			sourceTree = "<group>";
		};
		D6723E291DBE410200D925A4 /* Views */ = {
			isa = PBXGroup;
			children = (
				D6E8B8C51E0036D900ADF6FF /* ESTBlurredStatusBar.h */,
				D6E8B8C61E0036D900ADF6FF /* ESTBlurredStatusBar.m */,
				D6723DF81DBE409900D925A4 /* CustomCollectionViewFlowLayout.h */,
				D6723DF91DBE409900D925A4 /* CustomCollectionViewFlowLayout.m */,
				D6723E001DBE409900D925A4 /* EventCell.h */,
				D6723E011DBE409900D925A4 /* EventCell.m */,
				D6723E021DBE409900D925A4 /* EventCellProgressView.h */,
				D6723E031DBE409900D925A4 /* EventCellProgressView.m */,
				D6723E091DBE409900D925A4 /* ProgressIndicator.h */,
				D6723E0A1DBE409900D925A4 /* ProgressIndicator.m */,
			);
			name = Views;
			sourceTree = "<group>";
		};
		D6723E2A1DBE410D00D925A4 /* Event */ = {
			isa = PBXGroup;
			children = (
				D6723DFA1DBE409900D925A4 /* DataManager.h */,
				D6723DFB1DBE409900D925A4 /* DataManager.m */,
				D6723E2B1DBE434D00D925A4 /* ThemeManager.h */,
				D6723E2C1DBE434D00D925A4 /* ThemeManager.m */,
				D6723DFC1DBE409900D925A4 /* Event+Helper.h */,
				D6723DFD1DBE409900D925A4 /* Event+Helper.m */,
				D6723DFE1DBE409900D925A4 /* Event.h */,
				D6723DFF1DBE409900D925A4 /* Event.m */,
				D6723E0B1DBE409900D925A4 /* PushManager.h */,
				D6723E0C1DBE409900D925A4 /* PushManager.m */,
				D6723DE51DBE409900D925A4 /* AppModel.xcdatamodeld */,
			);
			name = Event;
			sourceTree = "<group>";
		};
		FC9739E34A2A16698AA896E7 /* Pods */ = {
			isa = PBXGroup;
			children = (
				2409E8D516E4620574EA2CAE /* Pods-Days Pro.debug.xcconfig */,
				EF75AF4028A82E762B7FDEE4 /* Pods-Days Pro.release.xcconfig */,
			);
			name = Pods;
			sourceTree = "<group>";
		};
/* End PBXGroup section */

/* Begin PBXNativeTarget section */
		A6693559179D31E200E5A40F /* Days Pro */ = {
			isa = PBXNativeTarget;
			buildConfigurationList = A6693580179D31E200E5A40F /* Build configuration list for PBXNativeTarget "Days Pro" */;
			buildPhases = (
				E70F08F2BA70FE7F36BA723A /* [CP] Check Pods Manifest.lock */,
				A6693556179D31E200E5A40F /* Sources */,
				A6693557179D31E200E5A40F /* Frameworks */,
				A6693558179D31E200E5A40F /* Resources */,
				8DE4288F59C66A4BB48A144B /* [CP] Embed Pods Frameworks */,
				938F5256F9AFAE0AC3A8F6EE /* [CP] Copy Pods Resources */,
				D69CC46F1DBE6672006136E7 /* ShellScript */,
			);
			buildRules = (
			);
			dependencies = (
			);
			name = "Days Pro";
			productName = "Time Left";
			productReference = A669355A179D31E200E5A40F /* Days Pro.app */;
			productType = "com.apple.product-type.application";
		};
/* End PBXNativeTarget section */

/* Begin PBXProject section */
		A6693552179D31E200E5A40F /* Project object */ = {
			isa = PBXProject;
			attributes = {
				CLASSPREFIX = SK;
				LastUpgradeCheck = 0830;
				ORGANIZATIONNAME = "Salavat Khanov";
				TargetAttributes = {
					A6693559179D31E200E5A40F = {
						DevelopmentTeam = 74N5MDHHBK;
						LastSwiftMigration = 0830;
						ProvisioningStyle = Automatic;
						SystemCapabilities = {
							com.apple.Push = {
								enabled = 1;
							};
							com.apple.iCloud = {
								enabled = 1;
							};
						};
					};
				};
			};
			buildConfigurationList = A6693555179D31E200E5A40F /* Build configuration list for PBXProject "Days Pro" */;
			compatibilityVersion = "Xcode 3.2";
			developmentRegion = English;
			hasScannedForEncodings = 0;
			knownRegions = (
				en,
				fi,
				Base,
			);
			mainGroup = A6693551179D31E200E5A40F;
			productRefGroup = A669355B179D31E200E5A40F /* Products */;
			projectDirPath = "";
			projectRoot = "";
			targets = (
				A6693559179D31E200E5A40F /* Days Pro */,
			);
		};
/* End PBXProject section */

/* Begin PBXResourcesBuildPhase section */
		A6693558179D31E200E5A40F /* Resources */ = {
			isa = PBXResourcesBuildPhase;
			buildActionMask = 2147483647;
			files = (
				D6723E151DBE409900D925A4 /* Launch Screen.storyboard in Resources */,
				D6723E141DBE409900D925A4 /* Main-iPhone.storyboard in Resources */,
				D6723E171DBE409900D925A4 /* Media.xcassets in Resources */,
				D6E4B9EF1DD0D7A500442536 /* Localizable.strings in Resources */,
				D6C4AAE51E8BECA400B1BF63 /* LightAppIcon.png in Resources */,
				D6723E181DBE409900D925A4 /* notification-sound.caf in Resources */,
				D6723E121DBE409900D925A4 /* InfoPlist.strings in Resources */,
				D6723E131DBE409900D925A4 /* Main-iPad.storyboard in Resources */,
				D6B5B7B41DBE95D300729A15 /* Settings.bundle in Resources */,
			);
			runOnlyForDeploymentPostprocessing = 0;
		};
/* End PBXResourcesBuildPhase section */

/* Begin PBXShellScriptBuildPhase section */
		8DE4288F59C66A4BB48A144B /* [CP] Embed Pods Frameworks */ = {
			isa = PBXShellScriptBuildPhase;
			buildActionMask = 2147483647;
			files = (
			);
			inputPaths = (
			);
			name = "[CP] Embed Pods Frameworks";
			outputPaths = (
			);
			runOnlyForDeploymentPostprocessing = 0;
			shellPath = /bin/sh;
			shellScript = "\"${SRCROOT}/Pods/Target Support Files/Pods-Days Pro/Pods-Days Pro-frameworks.sh\"\n";
			showEnvVarsInLog = 0;
		};
		938F5256F9AFAE0AC3A8F6EE /* [CP] Copy Pods Resources */ = {
			isa = PBXShellScriptBuildPhase;
			buildActionMask = 2147483647;
			files = (
			);
			inputPaths = (
			);
			name = "[CP] Copy Pods Resources";
			outputPaths = (
			);
			runOnlyForDeploymentPostprocessing = 0;
			shellPath = /bin/sh;
			shellScript = "\"${SRCROOT}/Pods/Target Support Files/Pods-Days Pro/Pods-Days Pro-resources.sh\"\n";
			showEnvVarsInLog = 0;
		};
		D69CC46F1DBE6672006136E7 /* ShellScript */ = {
			isa = PBXShellScriptBuildPhase;
			buildActionMask = 2147483647;
			files = (
			);
			inputPaths = (
			);
			outputPaths = (
			);
			runOnlyForDeploymentPostprocessing = 0;
			shellPath = /bin/sh;
			shellScript = "${PODS_ROOT}/Fabric/run eb8a9267c0caf11531cdb338d4d2d86a33853242 883da9f7964e41443643642034f5993998643bb7a58fa0d7cc49e188a3d56dff";
		};
		E70F08F2BA70FE7F36BA723A /* [CP] Check Pods Manifest.lock */ = {
			isa = PBXShellScriptBuildPhase;
			buildActionMask = 2147483647;
			files = (
			);
			inputPaths = (
			);
			name = "[CP] Check Pods Manifest.lock";
			outputPaths = (
			);
			runOnlyForDeploymentPostprocessing = 0;
			shellPath = /bin/sh;
			shellScript = "diff \"${PODS_ROOT}/../Podfile.lock\" \"${PODS_ROOT}/Manifest.lock\" > /dev/null\nif [ $? != 0 ] ; then\n    # print error to STDERR\n    echo \"error: The sandbox is not in sync with the Podfile.lock. Run 'pod install' or update your CocoaPods installation.\" >&2\n    exit 1\nfi\n";
			showEnvVarsInLog = 0;
		};
/* End PBXShellScriptBuildPhase section */

/* Begin PBXSourcesBuildPhase section */
		A6693556179D31E200E5A40F /* Sources */ = {
			isa = PBXSourcesBuildPhase;
			buildActionMask = 2147483647;
			files = (
				D6723E201DBE409900D925A4 /* EventCellProgressView.m in Sources */,
				D6723E1D1DBE409900D925A4 /* Event+Helper.m in Sources */,
				D6723E2D1DBE434D00D925A4 /* ThemeManager.m in Sources */,
				D6723E1B1DBE409900D925A4 /* CustomCollectionViewFlowLayout.m in Sources */,
				D6723E1A1DBE409900D925A4 /* AppDelegate.m in Sources */,
				D6E8B8C71E0036D900ADF6FF /* ESTBlurredStatusBar.m in Sources */,
				D6723E161DBE409900D925A4 /* main.m in Sources */,
				D6723E251DBE409900D925A4 /* PushManager.m in Sources */,
				D6723E1E1DBE409900D925A4 /* Event.m in Sources */,
				D6723E1F1DBE409900D925A4 /* EventCell.m in Sources */,
				D6723E241DBE409900D925A4 /* ProgressIndicator.m in Sources */,
				D68315A31E8AA2D2003881B5 /* ThemeViewController.swift in Sources */,
				D6AEB64E1E2B51C100F5D553 /* EditViewController.m in Sources */,
				D6723E221DBE409900D925A4 /* EventDetailsViewController.m in Sources */,
				D6723E1C1DBE409900D925A4 /* DataManager.m in Sources */,
				D6723E0F1DBE409900D925A4 /* AppModel.xcdatamodeld in Sources */,
				D6723E231DBE409900D925A4 /* EventsCollectionViewController.m in Sources */,
			);
			runOnlyForDeploymentPostprocessing = 0;
		};
/* End PBXSourcesBuildPhase section */

/* Begin PBXVariantGroup section */
		D6723DEA1DBE409900D925A4 /* InfoPlist.strings */ = {
			isa = PBXVariantGroup;
			children = (
				D6723DEB1DBE409900D925A4 /* en */,
				D6E4B9F01DD0D7B500442536 /* fi */,
			);
			name = InfoPlist.strings;
			sourceTree = "<group>";
		};
		D6723DEC1DBE409900D925A4 /* Main-iPad.storyboard */ = {
			isa = PBXVariantGroup;
			children = (
				D65B1A261DE9887200542EAE /* Base */,
				D65B1A2B1DE9888800542EAE /* fi */,
				D65B1A2D1DE9888A00542EAE /* en */,
			);
			name = "Main-iPad.storyboard";
			sourceTree = "<group>";
		};
		D6723DEE1DBE409900D925A4 /* Main-iPhone.storyboard */ = {
			isa = PBXVariantGroup;
			children = (
				D65B1A271DE9887200542EAE /* Base */,
				D64386A71E8AB4780013FC37 /* en */,
				D64386A91E8AB47B0013FC37 /* fi */,
			);
			name = "Main-iPhone.storyboard";
			sourceTree = "<group>";
		};
		D6E4B9ED1DD0D7A500442536 /* Localizable.strings */ = {
			isa = PBXVariantGroup;
			children = (
				D6E4B9EE1DD0D7A500442536 /* en */,
				D6E4B9F11DD0D7B600442536 /* fi */,
			);
			name = Localizable.strings;
			sourceTree = "<group>";
		};
/* End PBXVariantGroup section */

/* Begin XCBuildConfiguration section */
		A669357E179D31E200E5A40F /* Debug */ = {
			isa = XCBuildConfiguration;
			buildSettings = {
				ALWAYS_SEARCH_USER_PATHS = NO;
				CLANG_ANALYZER_LOCALIZABILITY_NONLOCALIZED = YES;
				CLANG_CXX_LANGUAGE_STANDARD = "gnu++0x";
				CLANG_CXX_LIBRARY = "libc++";
				CLANG_ENABLE_OBJC_ARC = YES;
				CLANG_WARN_BOOL_CONVERSION = YES;
				CLANG_WARN_CONSTANT_CONVERSION = YES;
				CLANG_WARN_EMPTY_BODY = YES;
				CLANG_WARN_ENUM_CONVERSION = YES;
				CLANG_WARN_INFINITE_RECURSION = YES;
				CLANG_WARN_INT_CONVERSION = YES;
				CLANG_WARN_SUSPICIOUS_MOVE = YES;
				CLANG_WARN_UNREACHABLE_CODE = YES;
				CLANG_WARN__DUPLICATE_METHOD_MATCH = YES;
				"CODE_SIGN_IDENTITY[sdk=iphoneos*]" = "iPhone Developer";
				COPY_PHASE_STRIP = NO;
				ENABLE_STRICT_OBJC_MSGSEND = YES;
				ENABLE_TESTABILITY = YES;
				GCC_C_LANGUAGE_STANDARD = gnu99;
				GCC_DYNAMIC_NO_PIC = NO;
				GCC_NO_COMMON_BLOCKS = YES;
				GCC_OPTIMIZATION_LEVEL = 0;
				GCC_PREPROCESSOR_DEFINITIONS = (
					"DEBUG=1",
					"$(inherited)",
				);
				GCC_SYMBOLS_PRIVATE_EXTERN = NO;
				GCC_WARN_64_TO_32_BIT_CONVERSION = YES;
				GCC_WARN_ABOUT_RETURN_TYPE = YES;
				GCC_WARN_UNDECLARED_SELECTOR = YES;
				GCC_WARN_UNINITIALIZED_AUTOS = YES;
				GCC_WARN_UNUSED_FUNCTION = YES;
				GCC_WARN_UNUSED_VARIABLE = YES;
				IPHONEOS_DEPLOYMENT_TARGET = 9.0;
				ONLY_ACTIVE_ARCH = YES;
				SDKROOT = iphoneos;
				TARGETED_DEVICE_FAMILY = "1,2";
			};
			name = Debug;
		};
		A669357F179D31E200E5A40F /* Release */ = {
			isa = XCBuildConfiguration;
			buildSettings = {
				ALWAYS_SEARCH_USER_PATHS = NO;
				CLANG_ANALYZER_LOCALIZABILITY_NONLOCALIZED = YES;
				CLANG_CXX_LANGUAGE_STANDARD = "gnu++0x";
				CLANG_CXX_LIBRARY = "libc++";
				CLANG_ENABLE_OBJC_ARC = YES;
				CLANG_WARN_BOOL_CONVERSION = YES;
				CLANG_WARN_CONSTANT_CONVERSION = YES;
				CLANG_WARN_EMPTY_BODY = YES;
				CLANG_WARN_ENUM_CONVERSION = YES;
				CLANG_WARN_INFINITE_RECURSION = YES;
				CLANG_WARN_INT_CONVERSION = YES;
				CLANG_WARN_SUSPICIOUS_MOVE = YES;
				CLANG_WARN_UNREACHABLE_CODE = YES;
				CLANG_WARN__DUPLICATE_METHOD_MATCH = YES;
				"CODE_SIGN_IDENTITY[sdk=iphoneos*]" = "iPhone Developer";
				COPY_PHASE_STRIP = YES;
				ENABLE_STRICT_OBJC_MSGSEND = YES;
				GCC_C_LANGUAGE_STANDARD = gnu99;
				GCC_NO_COMMON_BLOCKS = YES;
				GCC_WARN_64_TO_32_BIT_CONVERSION = YES;
				GCC_WARN_ABOUT_RETURN_TYPE = YES;
				GCC_WARN_UNDECLARED_SELECTOR = YES;
				GCC_WARN_UNINITIALIZED_AUTOS = YES;
				GCC_WARN_UNUSED_FUNCTION = YES;
				GCC_WARN_UNUSED_VARIABLE = YES;
				IPHONEOS_DEPLOYMENT_TARGET = 9.0;
				OTHER_CFLAGS = "-DNS_BLOCK_ASSERTIONS=1";
				SDKROOT = iphoneos;
				SWIFT_OPTIMIZATION_LEVEL = "-Owholemodule";
				TARGETED_DEVICE_FAMILY = "1,2";
				VALIDATE_PRODUCT = YES;
			};
			name = Release;
		};
		A6693581179D31E200E5A40F /* Debug */ = {
			isa = XCBuildConfiguration;
			baseConfigurationReference = 2409E8D516E4620574EA2CAE /* Pods-Days Pro.debug.xcconfig */;
			buildSettings = {
				ASSETCATALOG_COMPILER_APPICON_NAME = AppIcon;
				CLANG_ENABLE_MODULES = YES;
				CODE_SIGN_ENTITLEMENTS = daysPRO/daysPRO.entitlements;
				CODE_SIGN_IDENTITY = "iPhone Developer";
				"CODE_SIGN_IDENTITY[sdk=iphoneos*]" = "iPhone Developer";
				DEVELOPMENT_TEAM = 74N5MDHHBK;
				FRAMEWORK_SEARCH_PATHS = (
					"$(inherited)",
					"$(PROJECT_DIR)",
					"$(PROJECT_DIR)/daysPRO",
				);
				GCC_PRECOMPILE_PREFIX_HEADER = YES;
				GCC_PREFIX_HEADER = "daysPRO/Days Pro-Prefix.pch";
				INFOPLIST_FILE = "$(SRCROOT)/daysPRO/daysPRO-Info.plist";
				IPHONEOS_DEPLOYMENT_TARGET = 9.0;
				LD_RUNPATH_SEARCH_PATHS = "$(inherited) @executable_path/Frameworks";
				LIBRARY_SEARCH_PATHS = "$(inherited)";
				PRODUCT_BUNDLE_IDENTIFIER = com.eaststudios.dayspronew;
				PRODUCT_NAME = "Days Pro";
				PROVISIONING_PROFILE = "";
				SWIFT_OBJC_BRIDGING_HEADER = "daysPRO/Days Pro-Bridging-Header.h";
				SWIFT_OPTIMIZATION_LEVEL = "-Onone";
				SWIFT_VERSION = 3.0;
				TARGETED_DEVICE_FAMILY = "1,2";
				WRAPPER_EXTENSION = app;
			};
			name = Debug;
		};
		A6693582179D31E200E5A40F /* Release */ = {
			isa = XCBuildConfiguration;
			baseConfigurationReference = EF75AF4028A82E762B7FDEE4 /* Pods-Days Pro.release.xcconfig */;
			buildSettings = {
				ASSETCATALOG_COMPILER_APPICON_NAME = AppIcon;
				CLANG_ENABLE_MODULES = YES;
				CODE_SIGN_ENTITLEMENTS = daysPRO/daysPRO.entitlements;
				CODE_SIGN_IDENTITY = "iPhone Developer";
				"CODE_SIGN_IDENTITY[sdk=iphoneos*]" = "iPhone Developer";
				DEVELOPMENT_TEAM = 74N5MDHHBK;
				FRAMEWORK_SEARCH_PATHS = (
					"$(inherited)",
					"$(PROJECT_DIR)",
					"$(PROJECT_DIR)/daysPRO",
				);
				GCC_PRECOMPILE_PREFIX_HEADER = YES;
				GCC_PREFIX_HEADER = "daysPRO/Days Pro-Prefix.pch";
				INFOPLIST_FILE = "$(SRCROOT)/daysPRO/daysPRO-Info.plist";
				IPHONEOS_DEPLOYMENT_TARGET = 9.0;
				LD_RUNPATH_SEARCH_PATHS = "$(inherited) @executable_path/Frameworks";
				LIBRARY_SEARCH_PATHS = "$(inherited)";
				PRODUCT_BUNDLE_IDENTIFIER = com.eaststudios.dayspronew;
				PRODUCT_NAME = "Days Pro";
				PROVISIONING_PROFILE = "";
				SWIFT_OBJC_BRIDGING_HEADER = "daysPRO/Days Pro-Bridging-Header.h";
				SWIFT_VERSION = 3.0;
				TARGETED_DEVICE_FAMILY = "1,2";
				WRAPPER_EXTENSION = app;
			};
			name = Release;
		};
/* End XCBuildConfiguration section */

/* Begin XCConfigurationList section */
		A6693555179D31E200E5A40F /* Build configuration list for PBXProject "Days Pro" */ = {
			isa = XCConfigurationList;
			buildConfigurations = (
				A669357E179D31E200E5A40F /* Debug */,
				A669357F179D31E200E5A40F /* Release */,
			);
			defaultConfigurationIsVisible = 0;
			defaultConfigurationName = Release;
		};
		A6693580179D31E200E5A40F /* Build configuration list for PBXNativeTarget "Days Pro" */ = {
			isa = XCConfigurationList;
			buildConfigurations = (
				A6693581179D31E200E5A40F /* Debug */,
				A6693582179D31E200E5A40F /* Release */,
			);
			defaultConfigurationIsVisible = 0;
			defaultConfigurationName = Release;
		};
/* End XCConfigurationList section */

/* Begin XCVersionGroup section */
		D6723DE51DBE409900D925A4 /* AppModel.xcdatamodeld */ = {
			isa = XCVersionGroup;
			children = (
				D6723DE61DBE409900D925A4 /* AppModel.xcdatamodel */,
			);
			currentVersion = D6723DE61DBE409900D925A4 /* AppModel.xcdatamodel */;
			path = AppModel.xcdatamodeld;
			sourceTree = "<group>";
			versionGroupType = wrapper.xcdatamodel;
		};
/* End XCVersionGroup section */
	};
	rootObject = A6693552179D31E200E5A40F /* Project object */;
}
